Microsoft Visual Studio Solution File, Format Version 12.00
# Visual Studio Version 17
VisualStudioVersion = 17.5.33627.172
MinimumVisualStudioVersion = 10.0.40219.1
Project("{FAE04EC0-301F-11D3-BF4B-00C04F79EFBC}") = "ePassportPOC.Android", "Scanbot.SDK.Example.Forms.Android\ePassportPOC.Android.csproj", "{4F00C297-1E14-4D0F-8658-94E1A02C15FD}"
EndProject
Project("{FAE04EC0-301F-11D3-BF4B-00C04F79EFBC}") = "ePassportPOC.iOS", "Scanbot.SDK.Example.Forms.iOS\ePassportPOC.iOS.csproj", "{7FBC2680-8505-4FC3-918F-C98EE102DDED}"
EndProject
Project("{D954291E-2A0B-460D-934E-DC6B0785DB48}") = "ePassportPOC", "Scanbot.SDK.Example.Forms\ePassportPOC.shproj", "{E3EF2F7A-4374-4408-9A27-E3ABBB8BAFBD}"
EndProject
Global
	GlobalSection(SolutionConfigurationPlatforms) = preSolution
		Debug|Any CPU = Debug|Any CPU
		Debug|iPhone = Debug|iPhone
		Debug|iPhoneSimulator = Debug|iPhoneSimulator
		Release|Any CPU = Release|Any CPU
		Release|iPhone = Release|iPhone
		Release|iPhoneSimulator = Release|iPhoneSimulator
	EndGlobalSection
	GlobalSection(ProjectConfigurationPlatforms) = postSolution
		{4F00C297-1E14-4D0F-8658-94E1A02C15FD}.Debug|Any CPU.ActiveCfg = Debug|Any CPU
		{4F00C297-1E14-4D0F-8658-94E1A02C15FD}.Debug|Any CPU.Build.0 = Debug|Any CPU
		{4F00C297-1E14-4D0F-8658-94E1A02C15FD}.Debug|Any CPU.Deploy.0 = Debug|Any CPU
		{4F00C297-1E14-4D0F-8658-94E1A02C15FD}.Debug|iPhone.ActiveCfg = Debug|Any CPU
		{4F00C297-1E14-4D0F-8658-94E1A02C15FD}.Debug|iPhone.Build.0 = Debug|Any CPU
		{4F00C297-1E14-4D0F-8658-94E1A02C15FD}.Debug|iPhoneSimulator.ActiveCfg = Debug|Any CPU
		{4F00C297-1E14-4D0F-8658-94E1A02C15FD}.Debug|iPhoneSimulator.Build.0 = Debug|Any CPU
		{4F00C297-1E14-4D0F-8658-94E1A02C15FD}.Release|Any CPU.ActiveCfg = Release|Any CPU
		{4F00C297-1E14-4D0F-8658-94E1A02C15FD}.Release|Any CPU.Build.0 = Release|Any CPU
		{4F00C297-1E14-4D0F-8658-94E1A02C15FD}.Release|iPhone.ActiveCfg = Release|Any CPU
		{4F00C297-1E14-4D0F-8658-94E1A02C15FD}.Release|iPhone.Build.0 = Release|Any CPU
		{4F00C297-1E14-4D0F-8658-94E1A02C15FD}.Release|iPhoneSimulator.ActiveCfg = Release|Any CPU
		{4F00C297-1E14-4D0F-8658-94E1A02C15FD}.Release|iPhoneSimulator.Build.0 = Release|Any CPU
		{7FBC2680-8505-4FC3-918F-C98EE102DDED}.Debug|Any CPU.ActiveCfg = Debug|iPhoneSimulator
		{7FBC2680-8505-4FC3-918F-C98EE102DDED}.Debug|Any CPU.Build.0 = Debug|iPhoneSimulator
		{7FBC2680-8505-4FC3-918F-C98EE102DDED}.Debug|iPhone.ActiveCfg = Debug|iPhone
		{7FBC2680-8505-4FC3-918F-C98EE102DDED}.Debug|iPhone.Build.0 = Debug|iPhone
		{7FBC2680-8505-4FC3-918F-C98EE102DDED}.Debug|iPhoneSimulator.ActiveCfg = Debug|iPhoneSimulator
		{7FBC2680-8505-4FC3-918F-C98EE102DDED}.Debug|iPhoneSimulator.Build.0 = Debug|iPhoneSimulator
		{7FBC2680-8505-4FC3-918F-C98EE102DDED}.Release|Any CPU.ActiveCfg = Release|iPhoneSimulator
		{7FBC2680-8505-4FC3-918F-C98EE102DDED}.Release|Any CPU.Build.0 = Release|iPhoneSimulator
		{7FBC2680-8505-4FC3-918F-C98EE102DDED}.Release|iPhone.ActiveCfg = Release|iPhone
		{7FBC2680-8505-4FC3-918F-C98EE102DDED}.Release|iPhone.Build.0 = Release|iPhone
		{7FBC2680-8505-4FC3-918F-C98EE102DDED}.Release|iPhoneSimulator.ActiveCfg = Release|iPhoneSimulator
		{7FBC2680-8505-4FC3-918F-C98EE102DDED}.Release|iPhoneSimulator.Build.0 = Release|iPhoneSimulator
	EndGlobalSection
	GlobalSection(SolutionProperties) = preSolution
		HideSolutionNode = FALSE
	EndGlobalSection
	GlobalSection(ExtensibilityGlobals) = postSolution
		SolutionGuid = {A54AEA47-B8C2-434A-9322-9FCD1A415D5B}
	EndGlobalSection
	GlobalSection(SharedMSBuildProjectFiles) = preSolution
		Scanbot.SDK.Example.Forms\Scanbot.SDK.Example.Forms.projitems*{4f00c297-1e14-4d0f-8658-94e1a02c15fd}*SharedItemsImports = 4
		Scanbot.SDK.Example.Forms\Scanbot.SDK.Example.Forms.projitems*{7fbc2680-8505-4fc3-918f-c98ee102dded}*SharedItemsImports = 4
		Scanbot.SDK.Example.Forms\Scanbot.SDK.Example.Forms.projitems*{e3ef2f7a-4374-4408-9a27-e3abbb8bafbd}*SharedItemsImports = 13
	EndGlobalSection
	GlobalSection(MonoDevelopProperties) = preSolution
		Policies = $0
		$0.DotNetNamingPolicy = $1
	EndGlobalSection
EndGlobal
